
Microsoft Visual Studio Solution File, Format Version 12.00
# Visual Studio Version 16
VisualStudioVersion = 16.0.30225.117
MinimumVisualStudioVersion = 10.0.40219.1
Project("{FAE04EC0-301F-11D3-BF4B-00C04F79EFBC}") = "AngularcrudWebApi", "AngularcrudWebApi\AngularcrudWebApi.csproj", "{C1349569-E535-4B68-AEBA-9BC5F75C8CEB}"
EndProject
Global
	GlobalSection(SolutionConfigurationPlatforms) = preSolution
		Debug|Any CPU = Debug|Any CPU
		Release|Any CPU = Release|Any CPU
	EndGlobalSection
	GlobalSection(ProjectConfigurationPlatforms) = postSolution
		{C1349569-E535-4B68-AEBA-9BC5F75C8CEB}.Debug|Any CPU.ActiveCfg = Debug|Any CPU
		{C1349569-E535-4B68-AEBA-9BC5F75C8CEB}.Debug|Any CPU.Build.0 = Debug|Any CPU
		{C1349569-E535-4B68-AEBA-9BC5F75C8CEB}.Release|Any CPU.ActiveCfg = Release|Any CPU
		{C1349569-E535-4B68-AEBA-9BC5F75C8CEB}.Release|Any CPU.Build.0 = Release|Any CPU
	EndGlobalSection
	GlobalSection(SolutionProperties) = preSolution
		HideSolutionNode = FALSE
	EndGlobalSection
	GlobalSection(ExtensibilityGlobals) = postSolution
		SolutionGuid = {7E339246-A28B-41CF-8968-0B3BEDC92A55}
	EndGlobalSection
EndGlobal
